
Microsoft Visual Studio Solution File, Format Version 12.00
# Visual Studio Version 16
VisualStudioVersion = 16.0.31025.194
MinimumVisualStudioVersion = 10.0.40219.1
Project("{FAE04EC0-301F-11D3-BF4B-00C04F79EFBC}") = "FoodOrderClient", "FoodOrderClient.csproj", "{C40636D6-37D7-4A0E-9554-B63410687878}"
EndProject
Global
	GlobalSection(SolutionConfigurationPlatforms) = preSolution
		Debug|Any CPU = Debug|Any CPU
		Release|Any CPU = Release|Any CPU
	EndGlobalSection
	GlobalSection(ProjectConfigurationPlatforms) = postSolution
		{C40636D6-37D7-4A0E-9554-B63410687878}.Debug|Any CPU.ActiveCfg = Debug|Any CPU
		{C40636D6-37D7-4A0E-9554-B63410687878}.Debug|Any CPU.Build.0 = Debug|Any CPU
		{C40636D6-37D7-4A0E-9554-B63410687878}.Release|Any CPU.ActiveCfg = Release|Any CPU
		{C40636D6-37D7-4A0E-9554-B63410687878}.Release|Any CPU.Build.0 = Release|Any CPU
	EndGlobalSection
	GlobalSection(SolutionProperties) = preSolution
		HideSolutionNode = FALSE
	EndGlobalSection
	GlobalSection(ExtensibilityGlobals) = postSolution
		SolutionGuid = {12DB9798-7F85-4B84-8775-5A5530AB549C}
	EndGlobalSection
EndGlobal
