
Microsoft Visual Studio Solution File, Format Version 12.00
# Visual Studio Version 16
VisualStudioVersion = 16.0.31025.194
MinimumVisualStudioVersion = 10.0.40219.1
Project("{FAE04EC0-301F-11D3-BF4B-00C04F79EFBC}") = "FoodOrderClient", "FoodOrderClient.csproj", "{C40636D6-37D7-4A0E-9554-B63410687878}"
EndProject
Project("{2150E333-8FDC-42A3-9474-1A3956D46DE8}") = "Solution Items", "Solution Items", "{61FB5E8E-7BE1-4CD4-9F71-17749AD5B7B9}"
	ProjectSection(SolutionItems) = preProject
		User.cs = User.cs
	EndProjectSection
EndProject
Project("{FAE04EC0-301F-11D3-BF4B-00C04F79EFBC}") = "User_Client", "..\User_Client\User_Client.csproj", "{6DE8B1F6-167F-4CCE-8115-884B3307EF37}"
EndProject
Project("{54435603-DBB4-11D2-8724-00A0C9A8B90C}") = "Netpincer_setup", "..\..\..\Netpincer_setup\Netpincer_setup\Netpincer_setup.vdproj", "{532600BD-A572-44D5-B846-089949778245}"
EndProject
Global
	GlobalSection(SolutionConfigurationPlatforms) = preSolution
		Debug|Any CPU = Debug|Any CPU
		Release|Any CPU = Release|Any CPU
	EndGlobalSection
	GlobalSection(ProjectConfigurationPlatforms) = postSolution
		{C40636D6-37D7-4A0E-9554-B63410687878}.Debug|Any CPU.ActiveCfg = Debug|Any CPU
		{C40636D6-37D7-4A0E-9554-B63410687878}.Debug|Any CPU.Build.0 = Debug|Any CPU
		{C40636D6-37D7-4A0E-9554-B63410687878}.Release|Any CPU.ActiveCfg = Release|Any CPU
		{C40636D6-37D7-4A0E-9554-B63410687878}.Release|Any CPU.Build.0 = Release|Any CPU
		{6DE8B1F6-167F-4CCE-8115-884B3307EF37}.Debug|Any CPU.ActiveCfg = Debug|Any CPU
		{6DE8B1F6-167F-4CCE-8115-884B3307EF37}.Debug|Any CPU.Build.0 = Debug|Any CPU
		{6DE8B1F6-167F-4CCE-8115-884B3307EF37}.Release|Any CPU.ActiveCfg = Release|Any CPU
		{6DE8B1F6-167F-4CCE-8115-884B3307EF37}.Release|Any CPU.Build.0 = Release|Any CPU
		{532600BD-A572-44D5-B846-089949778245}.Debug|Any CPU.ActiveCfg = Debug
		{532600BD-A572-44D5-B846-089949778245}.Release|Any CPU.ActiveCfg = Release
	EndGlobalSection
	GlobalSection(SolutionProperties) = preSolution
		HideSolutionNode = FALSE
	EndGlobalSection
	GlobalSection(ExtensibilityGlobals) = postSolution
		SolutionGuid = {12DB9798-7F85-4B84-8775-5A5530AB549C}
	EndGlobalSection
EndGlobal
