
Microsoft Visual Studio Solution File, Format Version 12.00
# Visual Studio Version 16
VisualStudioVersion = 16.0.31112.23
MinimumVisualStudioVersion = 10.0.40219.1
Project("{FAE04EC0-301F-11D3-BF4B-00C04F79EFBC}") = "delivery_", "delivery_.csproj", "{277513E2-0233-46D3-A9AE-63E0D7F7372F}"
EndProject
Global
	GlobalSection(SolutionConfigurationPlatforms) = preSolution
		Debug|Any CPU = Debug|Any CPU
		Release|Any CPU = Release|Any CPU
	EndGlobalSection
	GlobalSection(ProjectConfigurationPlatforms) = postSolution
		{277513E2-0233-46D3-A9AE-63E0D7F7372F}.Debug|Any CPU.ActiveCfg = Debug|Any CPU
		{277513E2-0233-46D3-A9AE-63E0D7F7372F}.Debug|Any CPU.Build.0 = Debug|Any CPU
		{277513E2-0233-46D3-A9AE-63E0D7F7372F}.Release|Any CPU.ActiveCfg = Release|Any CPU
		{277513E2-0233-46D3-A9AE-63E0D7F7372F}.Release|Any CPU.Build.0 = Release|Any CPU
	EndGlobalSection
	GlobalSection(SolutionProperties) = preSolution
		HideSolutionNode = FALSE
	EndGlobalSection
	GlobalSection(ExtensibilityGlobals) = postSolution
		SolutionGuid = {F7C7B8C8-A84C-48CD-A94C-DA0A646F2BDB}
	EndGlobalSection
EndGlobal
